
Microsoft Visual Studio Solution File, Format Version 12.00
# Visual Studio Version 17
VisualStudioVersion = 17.3.32929.385
MinimumVisualStudioVersion = 10.0.40219.1
Project("{FAE04EC0-301F-11D3-BF4B-00C04F79EFBC}") = "sametersoyogluOdev2", "sametersoyogluOdev2\sametersoyogluOdev2.csproj", "{51391168-DAD9-45D3-B5C3-F27D0F0E063C}"
EndProject
Global
	GlobalSection(SolutionConfigurationPlatforms) = preSolution
		Debug|Any CPU = Debug|Any CPU
		Release|Any CPU = Release|Any CPU
	EndGlobalSection
	GlobalSection(ProjectConfigurationPlatforms) = postSolution
		{51391168-DAD9-45D3-B5C3-F27D0F0E063C}.Debug|Any CPU.ActiveCfg = Debug|Any CPU
		{51391168-DAD9-45D3-B5C3-F27D0F0E063C}.Debug|Any CPU.Build.0 = Debug|Any CPU
		{51391168-DAD9-45D3-B5C3-F27D0F0E063C}.Release|Any CPU.ActiveCfg = Release|Any CPU
		{51391168-DAD9-45D3-B5C3-F27D0F0E063C}.Release|Any CPU.Build.0 = Release|Any CPU
	EndGlobalSection
	GlobalSection(SolutionProperties) = preSolution
		HideSolutionNode = FALSE
	EndGlobalSection
	GlobalSection(ExtensibilityGlobals) = postSolution
		SolutionGuid = {AB3A34FA-1967-4BCC-AE91-CD21ABD3EC72}
	EndGlobalSection
EndGlobal
